// !$*UTF8*$!
{
	archiveVersion = 1;
	classes = {
	};
	objectVersion = 56;
	objects = {

/* Begin PBXBuildFile section */
		3C7393F3297EF6B500B12B4A /* AppDelegate.swift in Sources */ = {isa = PBXBuildFile; fileRef = 3C7393F2297EF6B500B12B4A /* AppDelegate.swift */; };
		3C7393F5297EF6B500B12B4A /* SceneDelegate.swift in Sources */ = {isa = PBXBuildFile; fileRef = 3C7393F4297EF6B500B12B4A /* SceneDelegate.swift */; };
		3C7393F7297EF6B500B12B4A /* ViewController.swift in Sources */ = {isa = PBXBuildFile; fileRef = 3C7393F6297EF6B500B12B4A /* ViewController.swift */; };
		3C7393FA297EF6B500B12B4A /* Main.storyboard in Resources */ = {isa = PBXBuildFile; fileRef = 3C7393F8297EF6B500B12B4A /* Main.storyboard */; };
		3C7393FD297EF6B500B12B4A /* StockOverView.xcdatamodeld in Sources */ = {isa = PBXBuildFile; fileRef = 3C7393FB297EF6B500B12B4A /* StockOverView.xcdatamodeld */; };
		3C7393FF297EF6B600B12B4A /* Assets.xcassets in Resources */ = {isa = PBXBuildFile; fileRef = 3C7393FE297EF6B600B12B4A /* Assets.xcassets */; };
		3C739402297EF6B600B12B4A /* LaunchScreen.storyboard in Resources */ = {isa = PBXBuildFile; fileRef = 3C739400297EF6B600B12B4A /* LaunchScreen.storyboard */; };
		3C73940D297EF6B700B12B4A /* StockOverViewTests.swift in Sources */ = {isa = PBXBuildFile; fileRef = 3C73940C297EF6B700B12B4A /* StockOverViewTests.swift */; };
		3C739417297EF6B700B12B4A /* StockOverViewUITests.swift in Sources */ = {isa = PBXBuildFile; fileRef = 3C739416297EF6B700B12B4A /* StockOverViewUITests.swift */; };
		3C739419297EF6B700B12B4A /* StockOverViewUITestsLaunchTests.swift in Sources */ = {isa = PBXBuildFile; fileRef = 3C739418297EF6B700B12B4A /* StockOverViewUITestsLaunchTests.swift */; };
		3C739427297EF71F00B12B4A /* ArcGIS in Frameworks */ = {isa = PBXBuildFile; productRef = 3C739426297EF71F00B12B4A /* ArcGIS */; };
/* End PBXBuildFile section */

/* Begin PBXContainerItemProxy section */
		3C739409297EF6B700B12B4A /* PBXContainerItemProxy */ = {
			isa = PBXContainerItemProxy;
			containerPortal = 3C7393E7297EF6B500B12B4A /* Project object */;
			proxyType = 1;
			remoteGlobalIDString = 3C7393EE297EF6B500B12B4A;
			remoteInfo = StockOverView;
		};
		3C739413297EF6B700B12B4A /* PBXContainerItemProxy */ = {
			isa = PBXContainerItemProxy;
			containerPortal = 3C7393E7297EF6B500B12B4A /* Project object */;
			proxyType = 1;
			remoteGlobalIDString = 3C7393EE297EF6B500B12B4A;
			remoteInfo = StockOverView;
		};
/* End PBXContainerItemProxy section */

/* Begin PBXFileReference section */
		3C7393EF297EF6B500B12B4A /* StockOverView.app */ = {isa = PBXFileReference; explicitFileType = wrapper.application; includeInIndex = 0; path = StockOverView.app; sourceTree = BUILT_PRODUCTS_DIR; };
		3C7393F2297EF6B500B12B4A /* AppDelegate.swift */ = {isa = PBXFileReference; lastKnownFileType = sourcecode.swift; path = AppDelegate.swift; sourceTree = "<group>"; };
		3C7393F4297EF6B500B12B4A /* SceneDelegate.swift */ = {isa = PBXFileReference; lastKnownFileType = sourcecode.swift; path = SceneDelegate.swift; sourceTree = "<group>"; };
		3C7393F6297EF6B500B12B4A /* ViewController.swift */ = {isa = PBXFileReference; lastKnownFileType = sourcecode.swift; path = ViewController.swift; sourceTree = "<group>"; };
		3C7393F9297EF6B500B12B4A /* Base */ = {isa = PBXFileReference; lastKnownFileType = file.storyboard; name = Base; path = Base.lproj/Main.storyboard; sourceTree = "<group>"; };
		3C7393FC297EF6B500B12B4A /* StockOverView.xcdatamodel */ = {isa = PBXFileReference; lastKnownFileType = wrapper.xcdatamodel; path = StockOverView.xcdatamodel; sourceTree = "<group>"; };
		3C7393FE297EF6B600B12B4A /* Assets.xcassets */ = {isa = PBXFileReference; lastKnownFileType = folder.assetcatalog; path = Assets.xcassets; sourceTree = "<group>"; };
		3C739401297EF6B600B12B4A /* Base */ = {isa = PBXFileReference; lastKnownFileType = file.storyboard; name = Base; path = Base.lproj/LaunchScreen.storyboard; sourceTree = "<group>"; };
		3C739403297EF6B600B12B4A /* Info.plist */ = {isa = PBXFileReference; lastKnownFileType = text.plist.xml; path = Info.plist; sourceTree = "<group>"; };
		3C739408297EF6B700B12B4A /* StockOverViewTests.xctest */ = {isa = PBXFileReference; explicitFileType = wrapper.cfbundle; includeInIndex = 0; path = StockOverViewTests.xctest; sourceTree = BUILT_PRODUCTS_DIR; };
		3C73940C297EF6B700B12B4A /* StockOverViewTests.swift */ = {isa = PBXFileReference; lastKnownFileType = sourcecode.swift; path = StockOverViewTests.swift; sourceTree = "<group>"; };
		3C739412297EF6B700B12B4A /* StockOverViewUITests.xctest */ = {isa = PBXFileReference; explicitFileType = wrapper.cfbundle; includeInIndex = 0; path = StockOverViewUITests.xctest; sourceTree = BUILT_PRODUCTS_DIR; };
		3C739416297EF6B700B12B4A /* StockOverViewUITests.swift */ = {isa = PBXFileReference; lastKnownFileType = sourcecode.swift; path = StockOverViewUITests.swift; sourceTree = "<group>"; };
		3C739418297EF6B700B12B4A /* StockOverViewUITestsLaunchTests.swift */ = {isa = PBXFileReference; lastKnownFileType = sourcecode.swift; path = StockOverViewUITestsLaunchTests.swift; sourceTree = "<group>"; };
/* End PBXFileReference section */

/* Begin PBXFrameworksBuildPhase section */
		3C7393EC297EF6B500B12B4A /* Frameworks */ = {
			isa = PBXFrameworksBuildPhase;
			buildActionMask = 2147483647;
			files = (
				3C739427297EF71F00B12B4A /* ArcGIS in Frameworks */,
			);
			runOnlyForDeploymentPostprocessing = 0;
		};
		3C739405297EF6B700B12B4A /* Frameworks */ = {
			isa = PBXFrameworksBuildPhase;
			buildActionMask = 2147483647;
			files = (
			);
			runOnlyForDeploymentPostprocessing = 0;
		};
		3C73940F297EF6B700B12B4A /* Frameworks */ = {
			isa = PBXFrameworksBuildPhase;
			buildActionMask = 2147483647;
			files = (
			);
			runOnlyForDeploymentPostprocessing = 0;
		};
/* End PBXFrameworksBuildPhase section */

/* Begin PBXGroup section */
		3C7393E6297EF6B500B12B4A = {
			isa = PBXGroup;
			children = (
				3C7393F1297EF6B500B12B4A /* StockOverView */,
				3C73940B297EF6B700B12B4A /* StockOverViewTests */,
				3C739415297EF6B700B12B4A /* StockOverViewUITests */,
				3C7393F0297EF6B500B12B4A /* Products */,
			);
			sourceTree = "<group>";
		};
		3C7393F0297EF6B500B12B4A /* Products */ = {
			isa = PBXGroup;
			children = (
				3C7393EF297EF6B500B12B4A /* StockOverView.app */,
				3C739408297EF6B700B12B4A /* StockOverViewTests.xctest */,
				3C739412297EF6B700B12B4A /* StockOverViewUITests.xctest */,
			);
			name = Products;
			sourceTree = "<group>";
		};
		3C7393F1297EF6B500B12B4A /* StockOverView */ = {
			isa = PBXGroup;
			children = (
				3C7393F2297EF6B500B12B4A /* AppDelegate.swift */,
				3C7393F4297EF6B500B12B4A /* SceneDelegate.swift */,
				3C7393F6297EF6B500B12B4A /* ViewController.swift */,
				3C7393F8297EF6B500B12B4A /* Main.storyboard */,
				3C7393FE297EF6B600B12B4A /* Assets.xcassets */,
				3C739400297EF6B600B12B4A /* LaunchScreen.storyboard */,
				3C739403297EF6B600B12B4A /* Info.plist */,
				3C7393FB297EF6B500B12B4A /* StockOverView.xcdatamodeld */,
			);
			path = StockOverView;
			sourceTree = "<group>";
		};
		3C73940B297EF6B700B12B4A /* StockOverViewTests */ = {
			isa = PBXGroup;
			children = (
				3C73940C297EF6B700B12B4A /* StockOverViewTests.swift */,
			);
			path = StockOverViewTests;
			sourceTree = "<group>";
		};
		3C739415297EF6B700B12B4A /* StockOverViewUITests */ = {
			isa = PBXGroup;
			children = (
				3C739416297EF6B700B12B4A /* StockOverViewUITests.swift */,
				3C739418297EF6B700B12B4A /* StockOverViewUITestsLaunchTests.swift */,
			);
			path = StockOverViewUITests;
			sourceTree = "<group>";
		};
/* End PBXGroup section */

/* Begin PBXNativeTarget section */
		3C7393EE297EF6B500B12B4A /* StockOverView */ = {
			isa = PBXNativeTarget;
			buildConfigurationList = 3C73941C297EF6B700B12B4A /* Build configuration list for PBXNativeTarget "StockOverView" */;
			buildPhases = (
				3C7393EB297EF6B500B12B4A /* Sources */,
				3C7393EC297EF6B500B12B4A /* Frameworks */,
				3C7393ED297EF6B500B12B4A /* Resources */,
			);
			buildRules = (
			);
			dependencies = (
			);
			name = StockOverView;
			packageProductDependencies = (
				3C739426297EF71F00B12B4A /* ArcGIS */,
			);
			productName = StockOverView;
			productReference = 3C7393EF297EF6B500B12B4A /* StockOverView.app */;
			productType = "com.apple.product-type.application";
		};
		3C739407297EF6B700B12B4A /* StockOverViewTests */ = {
			isa = PBXNativeTarget;
			buildConfigurationList = 3C73941F297EF6B700B12B4A /* Build configuration list for PBXNativeTarget "StockOverViewTests" */;
			buildPhases = (
				3C739404297EF6B700B12B4A /* Sources */,
				3C739405297EF6B700B12B4A /* Frameworks */,
				3C739406297EF6B700B12B4A /* Resources */,
			);
			buildRules = (
			);
			dependencies = (
				3C73940A297EF6B700B12B4A /* PBXTargetDependency */,
			);
			name = StockOverViewTests;
			productName = StockOverViewTests;
			productReference = 3C739408297EF6B700B12B4A /* StockOverViewTests.xctest */;
			productType = "com.apple.product-type.bundle.unit-test";
		};
		3C739411297EF6B700B12B4A /* StockOverViewUITests */ = {
			isa = PBXNativeTarget;
			buildConfigurationList = 3C739422297EF6B700B12B4A /* Build configuration list for PBXNativeTarget "StockOverViewUITests" */;
			buildPhases = (
				3C73940E297EF6B700B12B4A /* Sources */,
				3C73940F297EF6B700B12B4A /* Frameworks */,
				3C739410297EF6B700B12B4A /* Resources */,
			);
			buildRules = (
			);
			dependencies = (
				3C739414297EF6B700B12B4A /* PBXTargetDependency */,
			);
			name = StockOverViewUITests;
			productName = StockOverViewUITests;
			productReference = 3C739412297EF6B700B12B4A /* StockOverViewUITests.xctest */;
			productType = "com.apple.product-type.bundle.ui-testing";
		};
/* End PBXNativeTarget section */

/* Begin PBXProject section */
		3C7393E7297EF6B500B12B4A /* Project object */ = {
			isa = PBXProject;
			attributes = {
				BuildIndependentTargetsInParallel = 1;
				LastSwiftUpdateCheck = 1420;
				LastUpgradeCheck = 1420;
				TargetAttributes = {
					3C7393EE297EF6B500B12B4A = {
						CreatedOnToolsVersion = 14.2;
					};
					3C739407297EF6B700B12B4A = {
						CreatedOnToolsVersion = 14.2;
						TestTargetID = 3C7393EE297EF6B500B12B4A;
					};
					3C739411297EF6B700B12B4A = {
						CreatedOnToolsVersion = 14.2;
						TestTargetID = 3C7393EE297EF6B500B12B4A;
					};
				};
			};
			buildConfigurationList = 3C7393EA297EF6B500B12B4A /* Build configuration list for PBXProject "StockOverView" */;
			compatibilityVersion = "Xcode 14.0";
			developmentRegion = en;
			hasScannedForEncodings = 0;
			knownRegions = (
				en,
				Base,
			);
			mainGroup = 3C7393E6297EF6B500B12B4A;
			packageReferences = (
				3C739425297EF71F00B12B4A /* XCRemoteSwiftPackageReference "arcgis-maps-sdk-swift" */,
			);
			productRefGroup = 3C7393F0297EF6B500B12B4A /* Products */;
			projectDirPath = "";
			projectRoot = "";
			targets = (
				3C7393EE297EF6B500B12B4A /* StockOverView */,
				3C739407297EF6B700B12B4A /* StockOverViewTests */,
				3C739411297EF6B700B12B4A /* StockOverViewUITests */,
			);
		};
/* End PBXProject section */

/* Begin PBXResourcesBuildPhase section */
		3C7393ED297EF6B500B12B4A /* Resources */ = {
			isa = PBXResourcesBuildPhase;
			buildActionMask = 2147483647;
			files = (
				3C739402297EF6B600B12B4A /* LaunchScreen.storyboard in Resources */,
				3C7393FF297EF6B600B12B4A /* Assets.xcassets in Resources */,
				3C7393FA297EF6B500B12B4A /* Main.storyboard in Resources */,
			);
			runOnlyForDeploymentPostprocessing = 0;
		};
		3C739406297EF6B700B12B4A /* Resources */ = {
			isa = PBXResourcesBuildPhase;
			buildActionMask = 2147483647;
			files = (
			);
			runOnlyForDeploymentPostprocessing = 0;
		};
		3C739410297EF6B700B12B4A /* Resources */ = {
			isa = PBXResourcesBuildPhase;
			buildActionMask = 2147483647;
			files = (
			);
			runOnlyForDeploymentPostprocessing = 0;
		};
/* End PBXResourcesBuildPhase section */

/* Begin PBXSourcesBuildPhase section */
		3C7393EB297EF6B500B12B4A /* Sources */ = {
			isa = PBXSourcesBuildPhase;
			buildActionMask = 2147483647;
			files = (
				3C7393F7297EF6B500B12B4A /* ViewController.swift in Sources */,
				3C7393FD297EF6B500B12B4A /* StockOverView.xcdatamodeld in Sources */,
				3C7393F3297EF6B500B12B4A /* AppDelegate.swift in Sources */,
				3C7393F5297EF6B500B12B4A /* SceneDelegate.swift in Sources */,
			);
			runOnlyForDeploymentPostprocessing = 0;
		};
		3C739404297EF6B700B12B4A /* Sources */ = {
			isa = PBXSourcesBuildPhase;
			buildActionMask = 2147483647;
			files = (
				3C73940D297EF6B700B12B4A /* StockOverViewTests.swift in Sources */,
			);
			runOnlyForDeploymentPostprocessing = 0;
		};
		3C73940E297EF6B700B12B4A /* Sources */ = {
			isa = PBXSourcesBuildPhase;
			buildActionMask = 2147483647;
			files = (
				3C739419297EF6B700B12B4A /* StockOverViewUITestsLaunchTests.swift in Sources */,
				3C739417297EF6B700B12B4A /* StockOverViewUITests.swift in Sources */,
			);
			runOnlyForDeploymentPostprocessing = 0;
		};
/* End PBXSourcesBuildPhase section */

/* Begin PBXTargetDependency section */
		3C73940A297EF6B700B12B4A /* PBXTargetDependency */ = {
			isa = PBXTargetDependency;
			target = 3C7393EE297EF6B500B12B4A /* StockOverView */;
			targetProxy = 3C739409297EF6B700B12B4A /* PBXContainerItemProxy */;
		};
		3C739414297EF6B700B12B4A /* PBXTargetDependency */ = {
			isa = PBXTargetDependency;
			target = 3C7393EE297EF6B500B12B4A /* StockOverView */;
			targetProxy = 3C739413297EF6B700B12B4A /* PBXContainerItemProxy */;
		};
/* End PBXTargetDependency section */

/* Begin PBXVariantGroup section */
		3C7393F8297EF6B500B12B4A /* Main.storyboard */ = {
			isa = PBXVariantGroup;
			children = (
				3C7393F9297EF6B500B12B4A /* Base */,
			);
			name = Main.storyboard;
			sourceTree = "<group>";
		};
		3C739400297EF6B600B12B4A /* LaunchScreen.storyboard */ = {
			isa = PBXVariantGroup;
			children = (
				3C739401297EF6B600B12B4A /* Base */,
			);
			name = LaunchScreen.storyboard;
			sourceTree = "<group>";
		};
/* End PBXVariantGroup section */

/* Begin XCBuildConfiguration section */
		3C73941A297EF6B700B12B4A /* Debug */ = {
			isa = XCBuildConfiguration;
			buildSettings = {
				ALWAYS_SEARCH_USER_PATHS = NO;
				CLANG_ANALYZER_NONNULL = YES;
				CLANG_ANALYZER_NUMBER_OBJECT_CONVERSION = YES_AGGRESSIVE;
				CLANG_CXX_LANGUAGE_STANDARD = "gnu++20";
				CLANG_ENABLE_MODULES = YES;
				CLANG_ENABLE_OBJC_ARC = YES;
				CLANG_ENABLE_OBJC_WEAK = YES;
				CLANG_WARN_BLOCK_CAPTURE_AUTORELEASING = YES;
				CLANG_WARN_BOOL_CONVERSION = YES;
				CLANG_WARN_COMMA = YES;
				CLANG_WARN_CONSTANT_CONVERSION = YES;
				CLANG_WARN_DEPRECATED_OBJC_IMPLEMENTATIONS = YES;
				CLANG_WARN_DIRECT_OBJC_ISA_USAGE = YES_ERROR;
				CLANG_WARN_DOCUMENTATION_COMMENTS = YES;
				CLANG_WARN_EMPTY_BODY = YES;
				CLANG_WARN_ENUM_CONVERSION = YES;
				CLANG_WARN_INFINITE_RECURSION = YES;
				CLANG_WARN_INT_CONVERSION = YES;
				CLANG_WARN_NON_LITERAL_NULL_CONVERSION = YES;
				CLANG_WARN_OBJC_IMPLICIT_RETAIN_SELF = YES;
				CLANG_WARN_OBJC_LITERAL_CONVERSION = YES;
				CLANG_WARN_OBJC_ROOT_CLASS = YES_ERROR;
				CLANG_WARN_QUOTED_INCLUDE_IN_FRAMEWORK_HEADER = YES;
				CLANG_WARN_RANGE_LOOP_ANALYSIS = YES;
				CLANG_WARN_STRICT_PROTOTYPES = YES;
				CLANG_WARN_SUSPICIOUS_MOVE = YES;
				CLANG_WARN_UNGUARDED_AVAILABILITY = YES_AGGRESSIVE;
				CLANG_WARN_UNREACHABLE_CODE = YES;
				CLANG_WARN__DUPLICATE_METHOD_MATCH = YES;
				COPY_PHASE_STRIP = NO;
				DEBUG_INFORMATION_FORMAT = dwarf;
				ENABLE_STRICT_OBJC_MSGSEND = YES;
				ENABLE_TESTABILITY = YES;
				GCC_C_LANGUAGE_STANDARD = gnu11;
				GCC_DYNAMIC_NO_PIC = NO;
				GCC_NO_COMMON_BLOCKS = YES;
				GCC_OPTIMIZATION_LEVEL = 0;
				GCC_PREPROCESSOR_DEFINITIONS = (
					"DEBUG=1",
					"$(inherited)",
				);
				GCC_WARN_64_TO_32_BIT_CONVERSION = YES;
				GCC_WARN_ABOUT_RETURN_TYPE = YES_ERROR;
				GCC_WARN_UNDECLARED_SELECTOR = YES;
				GCC_WARN_UNINITIALIZED_AUTOS = YES_AGGRESSIVE;
				GCC_WARN_UNUSED_FUNCTION = YES;
				GCC_WARN_UNUSED_VARIABLE = YES;
				IPHONEOS_DEPLOYMENT_TARGET = 16.2;
				MTL_ENABLE_DEBUG_INFO = INCLUDE_SOURCE;
				MTL_FAST_MATH = YES;
				ONLY_ACTIVE_ARCH = YES;
				SDKROOT = iphoneos;
				SWIFT_ACTIVE_COMPILATION_CONDITIONS = DEBUG;
				SWIFT_OPTIMIZATION_LEVEL = "-Onone";
			};
			name = Debug;
		};
		3C73941B297EF6B700B12B4A /* Release */ = {
			isa = XCBuildConfiguration;
			buildSettings = {
				ALWAYS_SEARCH_USER_PATHS = NO;
				CLANG_ANALYZER_NONNULL = YES;
				CLANG_ANALYZER_NUMBER_OBJECT_CONVERSION = YES_AGGRESSIVE;
				CLANG_CXX_LANGUAGE_STANDARD = "gnu++20";
				CLANG_ENABLE_MODULES = YES;
				CLANG_ENABLE_OBJC_ARC = YES;
				CLANG_ENABLE_OBJC_WEAK = YES;
				CLANG_WARN_BLOCK_CAPTURE_AUTORELEASING = YES;
				CLANG_WARN_BOOL_CONVERSION = YES;
				CLANG_WARN_COMMA = YES;
				CLANG_WARN_CONSTANT_CONVERSION = YES;
				CLANG_WARN_DEPRECATED_OBJC_IMPLEMENTATIONS = YES;
				CLANG_WARN_DIRECT_OBJC_ISA_USAGE = YES_ERROR;
				CLANG_WARN_DOCUMENTATION_COMMENTS = YES;
				CLANG_WARN_EMPTY_BODY = YES;
				CLANG_WARN_ENUM_CONVERSION = YES;
				CLANG_WARN_INFINITE_RECURSION = YES;
				CLANG_WARN_INT_CONVERSION = YES;
				CLANG_WARN_NON_LITERAL_NULL_CONVERSION = YES;
				CLANG_WARN_OBJC_IMPLICIT_RETAIN_SELF = YES;
				CLANG_WARN_OBJC_LITERAL_CONVERSION = YES;
				CLANG_WARN_OBJC_ROOT_CLASS = YES_ERROR;
				CLANG_WARN_QUOTED_INCLUDE_IN_FRAMEWORK_HEADER = YES;
				CLANG_WARN_RANGE_LOOP_ANALYSIS = YES;
				CLANG_WARN_STRICT_PROTOTYPES = YES;
				CLANG_WARN_SUSPICIOUS_MOVE = YES;
				CLANG_WARN_UNGUARDED_AVAILABILITY = YES_AGGRESSIVE;
				CLANG_WARN_UNREACHABLE_CODE = YES;
				CLANG_WARN__DUPLICATE_METHOD_MATCH = YES;
				COPY_PHASE_STRIP = NO;
				DEBUG_INFORMATION_FORMAT = "dwarf-with-dsym";
				ENABLE_NS_ASSERTIONS = NO;
				ENABLE_STRICT_OBJC_MSGSEND = YES;
				GCC_C_LANGUAGE_STANDARD = gnu11;
				GCC_NO_COMMON_BLOCKS = YES;
				GCC_WARN_64_TO_32_BIT_CONVERSION = YES;
				GCC_WARN_ABOUT_RETURN_TYPE = YES_ERROR;
				GCC_WARN_UNDECLARED_SELECTOR = YES;
				GCC_WARN_UNINITIALIZED_AUTOS = YES_AGGRESSIVE;
				GCC_WARN_UNUSED_FUNCTION = YES;
				GCC_WARN_UNUSED_VARIABLE = YES;
				IPHONEOS_DEPLOYMENT_TARGET = 16.2;
				MTL_ENABLE_DEBUG_INFO = NO;
				MTL_FAST_MATH = YES;
				SDKROOT = iphoneos;
				SWIFT_COMPILATION_MODE = wholemodule;
				SWIFT_OPTIMIZATION_LEVEL = "-O";
				VALIDATE_PRODUCT = YES;
			};
			name = Release;
		};
		3C73941D297EF6B700B12B4A /* Debug */ = {
			isa = XCBuildConfiguration;
			buildSettings = {
				ASSETCATALOG_COMPILER_APPICON_NAME = AppIcon;
				ASSETCATALOG_COMPILER_GLOBAL_ACCENT_COLOR_NAME = AccentColor;
				CODE_SIGN_STYLE = Automatic;
				CURRENT_PROJECT_VERSION = 1;
				DEVELOPMENT_TEAM = 5GDG6PS9Y5;
				GENERATE_INFOPLIST_FILE = YES;
				INFOPLIST_FILE = StockOverView/Info.plist;
				INFOPLIST_KEY_UIApplicationSupportsIndirectInputEvents = YES;
				INFOPLIST_KEY_UILaunchStoryboardName = LaunchScreen;
				INFOPLIST_KEY_UIMainStoryboardFile = Main;
				INFOPLIST_KEY_UISupportedInterfaceOrientations_iPad = "UIInterfaceOrientationPortrait UIInterfaceOrientationPortraitUpsideDown UIInterfaceOrientationLandscapeLeft UIInterfaceOrientationLandscapeRight";
				INFOPLIST_KEY_UISupportedInterfaceOrientations_iPhone = "UIInterfaceOrientationPortrait UIInterfaceOrientationLandscapeLeft UIInterfaceOrientationLandscapeRight";
				LD_RUNPATH_SEARCH_PATHS = (
					"$(inherited)",
					"@executable_path/Frameworks",
				);
				MARKETING_VERSION = 1.0;
				PRODUCT_BUNDLE_IDENTIFIER = com.incture.com.StockOverView;
				PRODUCT_NAME = "$(TARGET_NAME)";
				SWIFT_EMIT_LOC_STRINGS = YES;
				SWIFT_VERSION = 5.0;
				TARGETED_DEVICE_FAMILY = "1,2";
			};
			name = Debug;
		};
		3C73941E297EF6B700B12B4A /* Release */ = {
			isa = XCBuildConfiguration;
			buildSettings = {
				ASSETCATALOG_COMPILER_APPICON_NAME = AppIcon;
				ASSETCATALOG_COMPILER_GLOBAL_ACCENT_COLOR_NAME = AccentColor;
				CODE_SIGN_STYLE = Automatic;
				CURRENT_PROJECT_VERSION = 1;
				DEVELOPMENT_TEAM = 5GDG6PS9Y5;
				GENERATE_INFOPLIST_FILE = YES;
				INFOPLIST_FILE = StockOverView/Info.plist;
				INFOPLIST_KEY_UIApplicationSupportsIndirectInputEvents = YES;
				INFOPLIST_KEY_UILaunchStoryboardName = LaunchScreen;
				INFOPLIST_KEY_UIMainStoryboardFile = Main;
				INFOPLIST_KEY_UISupportedInterfaceOrientations_iPad = "UIInterfaceOrientationPortrait UIInterfaceOrientationPortraitUpsideDown UIInterfaceOrientationLandscapeLeft UIInterfaceOrientationLandscapeRight";
				INFOPLIST_KEY_UISupportedInterfaceOrientations_iPhone = "UIInterfaceOrientationPortrait UIInterfaceOrientationLandscapeLeft UIInterfaceOrientationLandscapeRight";
				LD_RUNPATH_SEARCH_PATHS = (
					"$(inherited)",
					"@executable_path/Frameworks",
				);
				MARKETING_VERSION = 1.0;
				PRODUCT_BUNDLE_IDENTIFIER = com.incture.com.StockOverView;
				PRODUCT_NAME = "$(TARGET_NAME)";
				SWIFT_EMIT_LOC_STRINGS = YES;
				SWIFT_VERSION = 5.0;
				TARGETED_DEVICE_FAMILY = "1,2";
			};
			name = Release;
		};
		3C739420297EF6B700B12B4A /* Debug */ = {
			isa = XCBuildConfiguration;
			buildSettings = {
				ALWAYS_EMBED_SWIFT_STANDARD_LIBRARIES = YES;
				BUNDLE_LOADER = "$(TEST_HOST)";
				CODE_SIGN_STYLE = Automatic;
				CURRENT_PROJECT_VERSION = 1;
				DEVELOPMENT_TEAM = 5GDG6PS9Y5;
				GENERATE_INFOPLIST_FILE = YES;
				IPHONEOS_DEPLOYMENT_TARGET = 16.2;
				MARKETING_VERSION = 1.0;
				PRODUCT_BUNDLE_IDENTIFIER = com.incture.com.StockOverViewTests;
				PRODUCT_NAME = "$(TARGET_NAME)";
				SWIFT_EMIT_LOC_STRINGS = NO;
				SWIFT_VERSION = 5.0;
				TARGETED_DEVICE_FAMILY = "1,2";
				TEST_HOST = "$(BUILT_PRODUCTS_DIR)/StockOverView.app/$(BUNDLE_EXECUTABLE_FOLDER_PATH)/StockOverView";
			};
			name = Debug;
		};
		3C739421297EF6B700B12B4A /* Release */ = {
			isa = XCBuildConfiguration;
			buildSettings = {
				ALWAYS_EMBED_SWIFT_STANDARD_LIBRARIES = YES;
				BUNDLE_LOADER = "$(TEST_HOST)";
				CODE_SIGN_STYLE = Automatic;
				CURRENT_PROJECT_VERSION = 1;
				DEVELOPMENT_TEAM = 5GDG6PS9Y5;
				GENERATE_INFOPLIST_FILE = YES;
				IPHONEOS_DEPLOYMENT_TARGET = 16.2;
				MARKETING_VERSION = 1.0;
				PRODUCT_BUNDLE_IDENTIFIER = com.incture.com.StockOverViewTests;
				PRODUCT_NAME = "$(TARGET_NAME)";
				SWIFT_EMIT_LOC_STRINGS = NO;
				SWIFT_VERSION = 5.0;
				TARGETED_DEVICE_FAMILY = "1,2";
				TEST_HOST = "$(BUILT_PRODUCTS_DIR)/StockOverView.app/$(BUNDLE_EXECUTABLE_FOLDER_PATH)/StockOverView";
			};
			name = Release;
		};
		3C739423297EF6B700B12B4A /* Debug */ = {
			isa = XCBuildConfiguration;
			buildSettings = {
				ALWAYS_EMBED_SWIFT_STANDARD_LIBRARIES = YES;
				CODE_SIGN_STYLE = Automatic;
				CURRENT_PROJECT_VERSION = 1;
				DEVELOPMENT_TEAM = 5GDG6PS9Y5;
				GENERATE_INFOPLIST_FILE = YES;
				MARKETING_VERSION = 1.0;
				PRODUCT_BUNDLE_IDENTIFIER = com.incture.com.StockOverViewUITests;
				PRODUCT_NAME = "$(TARGET_NAME)";
				SWIFT_EMIT_LOC_STRINGS = NO;
				SWIFT_VERSION = 5.0;
				TARGETED_DEVICE_FAMILY = "1,2";
				TEST_TARGET_NAME = StockOverView;
			};
			name = Debug;
		};
		3C739424297EF6B700B12B4A /* Release */ = {
			isa = XCBuildConfiguration;
			buildSettings = {
				ALWAYS_EMBED_SWIFT_STANDARD_LIBRARIES = YES;
				CODE_SIGN_STYLE = Automatic;
				CURRENT_PROJECT_VERSION = 1;
				DEVELOPMENT_TEAM = 5GDG6PS9Y5;
				GENERATE_INFOPLIST_FILE = YES;
				MARKETING_VERSION = 1.0;
				PRODUCT_BUNDLE_IDENTIFIER = com.incture.com.StockOverViewUITests;
				PRODUCT_NAME = "$(TARGET_NAME)";
				SWIFT_EMIT_LOC_STRINGS = NO;
				SWIFT_VERSION = 5.0;
				TARGETED_DEVICE_FAMILY = "1,2";
				TEST_TARGET_NAME = StockOverView;
			};
			name = Release;
		};
/* End XCBuildConfiguration section */

/* Begin XCConfigurationList section */
		3C7393EA297EF6B500B12B4A /* Build configuration list for PBXProject "StockOverView" */ = {
			isa = XCConfigurationList;
			buildConfigurations = (
				3C73941A297EF6B700B12B4A /* Debug */,
				3C73941B297EF6B700B12B4A /* Release */,
			);
			defaultConfigurationIsVisible = 0;
			defaultConfigurationName = Release;
		};
		3C73941C297EF6B700B12B4A /* Build configuration list for PBXNativeTarget "StockOverView" */ = {
			isa = XCConfigurationList;
			buildConfigurations = (
				3C73941D297EF6B700B12B4A /* Debug */,
				3C73941E297EF6B700B12B4A /* Release */,
			);
			defaultConfigurationIsVisible = 0;
			defaultConfigurationName = Release;
		};
		3C73941F297EF6B700B12B4A /* Build configuration list for PBXNativeTarget "StockOverViewTests" */ = {
			isa = XCConfigurationList;
			buildConfigurations = (
				3C739420297EF6B700B12B4A /* Debug */,
				3C739421297EF6B700B12B4A /* Release */,
			);
			defaultConfigurationIsVisible = 0;
			defaultConfigurationName = Release;
		};
		3C739422297EF6B700B12B4A /* Build configuration list for PBXNativeTarget "StockOverViewUITests" */ = {
			isa = XCConfigurationList;
			buildConfigurations = (
				3C739423297EF6B700B12B4A /* Debug */,
				3C739424297EF6B700B12B4A /* Release */,
			);
			defaultConfigurationIsVisible = 0;
			defaultConfigurationName = Release;
		};
/* End XCConfigurationList section */

/* Begin XCRemoteSwiftPackageReference section */
		3C739425297EF71F00B12B4A /* XCRemoteSwiftPackageReference "arcgis-maps-sdk-swift" */ = {
			isa = XCRemoteSwiftPackageReference;
			repositoryURL = "https://github.com/esri/arcgis-maps-sdk-swift";
			requirement = {
				branch = main;
				kind = branch;
			};
		};
/* End XCRemoteSwiftPackageReference section */

/* Begin XCSwiftPackageProductDependency section */
		3C739426297EF71F00B12B4A /* ArcGIS */ = {
			isa = XCSwiftPackageProductDependency;
			package = 3C739425297EF71F00B12B4A /* XCRemoteSwiftPackageReference "arcgis-maps-sdk-swift" */;
			productName = ArcGIS;
		};
/* End XCSwiftPackageProductDependency section */

/* Begin XCVersionGroup section */
		3C7393FB297EF6B500B12B4A /* StockOverView.xcdatamodeld */ = {
			isa = XCVersionGroup;
			children = (
				3C7393FC297EF6B500B12B4A /* StockOverView.xcdatamodel */,
			);
			currentVersion = 3C7393FC297EF6B500B12B4A /* StockOverView.xcdatamodel */;
			path = StockOverView.xcdatamodeld;
			sourceTree = "<group>";
			versionGroupType = wrapper.xcdatamodel;
		};
/* End XCVersionGroup section */
	};
	rootObject = 3C7393E7297EF6B500B12B4A /* Project object */;
}
